// !$*UTF8*$!
{
	archiveVersion = 1;
	classes = {
	};
	objectVersion = 46;
	objects = {

/* Begin PBXBuildFile section */
		79C3D5CE1CB83BA5005B1F71 /* AppDelegate.swift in Sources */ = {isa = PBXBuildFile; fileRef = 79C3D5CD1CB83BA5005B1F71 /* AppDelegate.swift */; };
		79C3D5D31CB83BA5005B1F71 /* Main.storyboard in Resources */ = {isa = PBXBuildFile; fileRef = 79C3D5D11CB83BA5005B1F71 /* Main.storyboard */; };
		79C3D5D61CB83BA5005B1F71 /* ios_challenge_journal.xcdatamodeld in Sources */ = {isa = PBXBuildFile; fileRef = 79C3D5D41CB83BA5005B1F71 /* ios_challenge_journal.xcdatamodeld */; };
		79C3D5D81CB83BA5005B1F71 /* Assets.xcassets in Resources */ = {isa = PBXBuildFile; fileRef = 79C3D5D71CB83BA5005B1F71 /* Assets.xcassets */; };
		79C3D5DB1CB83BA5005B1F71 /* LaunchScreen.storyboard in Resources */ = {isa = PBXBuildFile; fileRef = 79C3D5D91CB83BA5005B1F71 /* LaunchScreen.storyboard */; };
		79C3D5E61CB83BA5005B1F71 /* ios_challenge_journalTests.swift in Sources */ = {isa = PBXBuildFile; fileRef = 79C3D5E51CB83BA5005B1F71 /* ios_challenge_journalTests.swift */; };
		79C3D5F11CB83BA5005B1F71 /* ios_challenge_journalUITests.swift in Sources */ = {isa = PBXBuildFile; fileRef = 79C3D5F01CB83BA5005B1F71 /* ios_challenge_journalUITests.swift */; };
		79C3D5FF1CB83E7B005B1F71 /* entryListTableViewController.swift in Sources */ = {isa = PBXBuildFile; fileRef = 79C3D5FE1CB83E7B005B1F71 /* entryListTableViewController.swift */; };
		79C3D6011CB83E93005B1F71 /* entryDetailViewController.swift in Sources */ = {isa = PBXBuildFile; fileRef = 79C3D6001CB83E93005B1F71 /* entryDetailViewController.swift */; };
		79C3D6031CB83E9D005B1F71 /* Entry.swift in Sources */ = {isa = PBXBuildFile; fileRef = 79C3D6021CB83E9D005B1F71 /* Entry.swift */; };
		79C3D6051CB83EB0005B1F71 /* EntryController.swift in Sources */ = {isa = PBXBuildFile; fileRef = 79C3D6041CB83EB0005B1F71 /* EntryController.swift */; };
/* End PBXBuildFile section */

/* Begin PBXContainerItemProxy section */
		79C3D5E21CB83BA5005B1F71 /* PBXContainerItemProxy */ = {
			isa = PBXContainerItemProxy;
			containerPortal = 79C3D5C21CB83BA5005B1F71 /* Project object */;
			proxyType = 1;
			remoteGlobalIDString = 79C3D5C91CB83BA5005B1F71;
			remoteInfo = "ios-challenge-journal";
		};
		79C3D5ED1CB83BA5005B1F71 /* PBXContainerItemProxy */ = {
			isa = PBXContainerItemProxy;
			containerPortal = 79C3D5C21CB83BA5005B1F71 /* Project object */;
			proxyType = 1;
			remoteGlobalIDString = 79C3D5C91CB83BA5005B1F71;
			remoteInfo = "ios-challenge-journal";
		};
/* End PBXContainerItemProxy section */

/* Begin PBXFileReference section */
		79C3D5CA1CB83BA5005B1F71 /* ios-challenge-journal.app */ = {isa = PBXFileReference; explicitFileType = wrapper.application; includeInIndex = 0; path = "ios-challenge-journal.app"; sourceTree = BUILT_PRODUCTS_DIR; };
		79C3D5CD1CB83BA5005B1F71 /* AppDelegate.swift */ = {isa = PBXFileReference; lastKnownFileType = sourcecode.swift; path = AppDelegate.swift; sourceTree = "<group>"; };
		79C3D5D21CB83BA5005B1F71 /* Base */ = {isa = PBXFileReference; lastKnownFileType = file.storyboard; name = Base; path = Base.lproj/Main.storyboard; sourceTree = "<group>"; };
		79C3D5D51CB83BA5005B1F71 /* ios_challenge_journal.xcdatamodel */ = {isa = PBXFileReference; lastKnownFileType = wrapper.xcdatamodel; path = ios_challenge_journal.xcdatamodel; sourceTree = "<group>"; };
		79C3D5D71CB83BA5005B1F71 /* Assets.xcassets */ = {isa = PBXFileReference; lastKnownFileType = folder.assetcatalog; path = Assets.xcassets; sourceTree = "<group>"; };
		79C3D5DA1CB83BA5005B1F71 /* Base */ = {isa = PBXFileReference; lastKnownFileType = file.storyboard; name = Base; path = Base.lproj/LaunchScreen.storyboard; sourceTree = "<group>"; };
		79C3D5DC1CB83BA5005B1F71 /* Info.plist */ = {isa = PBXFileReference; lastKnownFileType = text.plist.xml; path = Info.plist; sourceTree = "<group>"; };
		79C3D5E11CB83BA5005B1F71 /* ios-challenge-journalTests.xctest */ = {isa = PBXFileReference; explicitFileType = wrapper.cfbundle; includeInIndex = 0; path = "ios-challenge-journalTests.xctest"; sourceTree = BUILT_PRODUCTS_DIR; };
		79C3D5E51CB83BA5005B1F71 /* ios_challenge_journalTests.swift */ = {isa = PBXFileReference; lastKnownFileType = sourcecode.swift; path = ios_challenge_journalTests.swift; sourceTree = "<group>"; };
		79C3D5E71CB83BA5005B1F71 /* Info.plist */ = {isa = PBXFileReference; lastKnownFileType = text.plist.xml; path = Info.plist; sourceTree = "<group>"; };
		79C3D5EC1CB83BA5005B1F71 /* ios-challenge-journalUITests.xctest */ = {isa = PBXFileReference; explicitFileType = wrapper.cfbundle; includeInIndex = 0; path = "ios-challenge-journalUITests.xctest"; sourceTree = BUILT_PRODUCTS_DIR; };
		79C3D5F01CB83BA5005B1F71 /* ios_challenge_journalUITests.swift */ = {isa = PBXFileReference; lastKnownFileType = sourcecode.swift; path = ios_challenge_journalUITests.swift; sourceTree = "<group>"; };
		79C3D5F21CB83BA5005B1F71 /* Info.plist */ = {isa = PBXFileReference; lastKnownFileType = text.plist.xml; path = Info.plist; sourceTree = "<group>"; };
		79C3D5FE1CB83E7B005B1F71 /* entryListTableViewController.swift */ = {isa = PBXFileReference; fileEncoding = 4; lastKnownFileType = sourcecode.swift; path = entryListTableViewController.swift; sourceTree = "<group>"; };
		79C3D6001CB83E93005B1F71 /* entryDetailViewController.swift */ = {isa = PBXFileReference; fileEncoding = 4; lastKnownFileType = sourcecode.swift; path = entryDetailViewController.swift; sourceTree = "<group>"; };
		79C3D6021CB83E9D005B1F71 /* Entry.swift */ = {isa = PBXFileReference; fileEncoding = 4; lastKnownFileType = sourcecode.swift; path = Entry.swift; sourceTree = "<group>"; };
		79C3D6041CB83EB0005B1F71 /* EntryController.swift */ = {isa = PBXFileReference; fileEncoding = 4; lastKnownFileType = sourcecode.swift; path = EntryController.swift; sourceTree = "<group>"; };
/* End PBXFileReference section */

/* Begin PBXFrameworksBuildPhase section */
		79C3D5C71CB83BA5005B1F71 /* Frameworks */ = {
			isa = PBXFrameworksBuildPhase;
			buildActionMask = 2147483647;
			files = (
			);
			runOnlyForDeploymentPostprocessing = 0;
		};
		79C3D5DE1CB83BA5005B1F71 /* Frameworks */ = {
			isa = PBXFrameworksBuildPhase;
			buildActionMask = 2147483647;
			files = (
			);
			runOnlyForDeploymentPostprocessing = 0;
		};
		79C3D5E91CB83BA5005B1F71 /* Frameworks */ = {
			isa = PBXFrameworksBuildPhase;
			buildActionMask = 2147483647;
			files = (
			);
			runOnlyForDeploymentPostprocessing = 0;
		};
/* End PBXFrameworksBuildPhase section */

/* Begin PBXGroup section */
		79C3D5C11CB83BA5005B1F71 = {
			isa = PBXGroup;
			children = (
				79C3D5CC1CB83BA5005B1F71 /* ios-challenge-journal */,
				79C3D5E41CB83BA5005B1F71 /* ios-challenge-journalTests */,
				79C3D5EF1CB83BA5005B1F71 /* ios-challenge-journalUITests */,
				79C3D5CB1CB83BA5005B1F71 /* Products */,
			);
			sourceTree = "<group>";
		};
		79C3D5CB1CB83BA5005B1F71 /* Products */ = {
			isa = PBXGroup;
			children = (
				79C3D5CA1CB83BA5005B1F71 /* ios-challenge-journal.app */,
				79C3D5E11CB83BA5005B1F71 /* ios-challenge-journalTests.xctest */,
				79C3D5EC1CB83BA5005B1F71 /* ios-challenge-journalUITests.xctest */,
			);
			name = Products;
			sourceTree = "<group>";
		};
		79C3D5CC1CB83BA5005B1F71 /* ios-challenge-journal */ = {
			isa = PBXGroup;
			children = (
				79C3D5CD1CB83BA5005B1F71 /* AppDelegate.swift */,
				79C3D5D11CB83BA5005B1F71 /* Main.storyboard */,
				79C3D5FE1CB83E7B005B1F71 /* entryListTableViewController.swift */,
				79C3D6001CB83E93005B1F71 /* entryDetailViewController.swift */,
				79C3D6021CB83E9D005B1F71 /* Entry.swift */,
				79C3D6041CB83EB0005B1F71 /* EntryController.swift */,
				79C3D5D71CB83BA5005B1F71 /* Assets.xcassets */,
				79C3D5D91CB83BA5005B1F71 /* LaunchScreen.storyboard */,
				79C3D5DC1CB83BA5005B1F71 /* Info.plist */,
				79C3D5D41CB83BA5005B1F71 /* ios_challenge_journal.xcdatamodeld */,
			);
			path = "ios-challenge-journal";
			sourceTree = "<group>";
		};
		79C3D5E41CB83BA5005B1F71 /* ios-challenge-journalTests */ = {
			isa = PBXGroup;
			children = (
				79C3D5E51CB83BA5005B1F71 /* ios_challenge_journalTests.swift */,
				79C3D5E71CB83BA5005B1F71 /* Info.plist */,
			);
			path = "ios-challenge-journalTests";
			sourceTree = "<group>";
		};
		79C3D5EF1CB83BA5005B1F71 /* ios-challenge-journalUITests */ = {
			isa = PBXGroup;
			children = (
				79C3D5F01CB83BA5005B1F71 /* ios_challenge_journalUITests.swift */,
				79C3D5F21CB83BA5005B1F71 /* Info.plist */,
			);
			path = "ios-challenge-journalUITests";
			sourceTree = "<group>";
		};
/* End PBXGroup section */

/* Begin PBXNativeTarget section */
		79C3D5C91CB83BA5005B1F71 /* ios-challenge-journal */ = {
			isa = PBXNativeTarget;
			buildConfigurationList = 79C3D5F51CB83BA5005B1F71 /* Build configuration list for PBXNativeTarget "ios-challenge-journal" */;
			buildPhases = (
				79C3D5C61CB83BA5005B1F71 /* Sources */,
				79C3D5C71CB83BA5005B1F71 /* Frameworks */,
				79C3D5C81CB83BA5005B1F71 /* Resources */,
			);
			buildRules = (
			);
			dependencies = (
			);
			name = "ios-challenge-journal";
			productName = "ios-challenge-journal";
			productReference = 79C3D5CA1CB83BA5005B1F71 /* ios-challenge-journal.app */;
			productType = "com.apple.product-type.application";
		};
		79C3D5E01CB83BA5005B1F71 /* ios-challenge-journalTests */ = {
			isa = PBXNativeTarget;
			buildConfigurationList = 79C3D5F81CB83BA5005B1F71 /* Build configuration list for PBXNativeTarget "ios-challenge-journalTests" */;
			buildPhases = (
				79C3D5DD1CB83BA5005B1F71 /* Sources */,
				79C3D5DE1CB83BA5005B1F71 /* Frameworks */,
				79C3D5DF1CB83BA5005B1F71 /* Resources */,
			);
			buildRules = (
			);
			dependencies = (
				79C3D5E31CB83BA5005B1F71 /* PBXTargetDependency */,
			);
			name = "ios-challenge-journalTests";
			productName = "ios-challenge-journalTests";
			productReference = 79C3D5E11CB83BA5005B1F71 /* ios-challenge-journalTests.xctest */;
			productType = "com.apple.product-type.bundle.unit-test";
		};
		79C3D5EB1CB83BA5005B1F71 /* ios-challenge-journalUITests */ = {
			isa = PBXNativeTarget;
			buildConfigurationList = 79C3D5FB1CB83BA5005B1F71 /* Build configuration list for PBXNativeTarget "ios-challenge-journalUITests" */;
			buildPhases = (
				79C3D5E81CB83BA5005B1F71 /* Sources */,
				79C3D5E91CB83BA5005B1F71 /* Frameworks */,
				79C3D5EA1CB83BA5005B1F71 /* Resources */,
			);
			buildRules = (
			);
			dependencies = (
				79C3D5EE1CB83BA5005B1F71 /* PBXTargetDependency */,
			);
			name = "ios-challenge-journalUITests";
			productName = "ios-challenge-journalUITests";
			productReference = 79C3D5EC1CB83BA5005B1F71 /* ios-challenge-journalUITests.xctest */;
			productType = "com.apple.product-type.bundle.ui-testing";
		};
/* End PBXNativeTarget section */

/* Begin PBXProject section */
		79C3D5C21CB83BA5005B1F71 /* Project object */ = {
			isa = PBXProject;
			attributes = {
				LastSwiftUpdateCheck = 0730;
				LastUpgradeCheck = 0730;
				ORGANIZATIONNAME = kumar.retika;
				TargetAttributes = {
					79C3D5C91CB83BA5005B1F71 = {
						CreatedOnToolsVersion = 7.3;
					};
					79C3D5E01CB83BA5005B1F71 = {
						CreatedOnToolsVersion = 7.3;
						TestTargetID = 79C3D5C91CB83BA5005B1F71;
					};
					79C3D5EB1CB83BA5005B1F71 = {
						CreatedOnToolsVersion = 7.3;
						TestTargetID = 79C3D5C91CB83BA5005B1F71;
					};
				};
			};
			buildConfigurationList = 79C3D5C51CB83BA5005B1F71 /* Build configuration list for PBXProject "ios-challenge-journal" */;
			compatibilityVersion = "Xcode 3.2";
			developmentRegion = English;
			hasScannedForEncodings = 0;
			knownRegions = (
				en,
				Base,
			);
			mainGroup = 79C3D5C11CB83BA5005B1F71;
			productRefGroup = 79C3D5CB1CB83BA5005B1F71 /* Products */;
			projectDirPath = "";
			projectRoot = "";
			targets = (
				79C3D5C91CB83BA5005B1F71 /* ios-challenge-journal */,
				79C3D5E01CB83BA5005B1F71 /* ios-challenge-journalTests */,
				79C3D5EB1CB83BA5005B1F71 /* ios-challenge-journalUITests */,
			);
		};
/* End PBXProject section */

/* Begin PBXResourcesBuildPhase section */
		79C3D5C81CB83BA5005B1F71 /* Resources */ = {
			isa = PBXResourcesBuildPhase;
			buildActionMask = 2147483647;
			files = (
				79C3D5DB1CB83BA5005B1F71 /* LaunchScreen.storyboard in Resources */,
				79C3D5D81CB83BA5005B1F71 /* Assets.xcassets in Resources */,
				79C3D5D31CB83BA5005B1F71 /* Main.storyboard in Resources */,
			);
			runOnlyForDeploymentPostprocessing = 0;
		};
		79C3D5DF1CB83BA5005B1F71 /* Resources */ = {
			isa = PBXResourcesBuildPhase;
			buildActionMask = 2147483647;
			files = (
			);
			runOnlyForDeploymentPostprocessing = 0;
		};
		79C3D5EA1CB83BA5005B1F71 /* Resources */ = {
			isa = PBXResourcesBuildPhase;
			buildActionMask = 2147483647;
			files = (
			);
			runOnlyForDeploymentPostprocessing = 0;
		};
/* End PBXResourcesBuildPhase section */

/* Begin PBXSourcesBuildPhase section */
		79C3D5C61CB83BA5005B1F71 /* Sources */ = {
			isa = PBXSourcesBuildPhase;
			buildActionMask = 2147483647;
			files = (
				79C3D6051CB83EB0005B1F71 /* EntryController.swift in Sources */,
				79C3D6031CB83E9D005B1F71 /* Entry.swift in Sources */,
				79C3D5D61CB83BA5005B1F71 /* ios_challenge_journal.xcdatamodeld in Sources */,
				79C3D5CE1CB83BA5005B1F71 /* AppDelegate.swift in Sources */,
				79C3D6011CB83E93005B1F71 /* entryDetailViewController.swift in Sources */,
				79C3D5FF1CB83E7B005B1F71 /* entryListTableViewController.swift in Sources */,
			);
			runOnlyForDeploymentPostprocessing = 0;
		};
		79C3D5DD1CB83BA5005B1F71 /* Sources */ = {
			isa = PBXSourcesBuildPhase;
			buildActionMask = 2147483647;
			files = (
				79C3D5E61CB83BA5005B1F71 /* ios_challenge_journalTests.swift in Sources */,
			);
			runOnlyForDeploymentPostprocessing = 0;
		};
		79C3D5E81CB83BA5005B1F71 /* Sources */ = {
			isa = PBXSourcesBuildPhase;
			buildActionMask = 2147483647;
			files = (
				79C3D5F11CB83BA5005B1F71 /* ios_challenge_journalUITests.swift in Sources */,
			);
			runOnlyForDeploymentPostprocessing = 0;
		};
/* End PBXSourcesBuildPhase section */

/* Begin PBXTargetDependency section */
		79C3D5E31CB83BA5005B1F71 /* PBXTargetDependency */ = {
			isa = PBXTargetDependency;
			target = 79C3D5C91CB83BA5005B1F71 /* ios-challenge-journal */;
			targetProxy = 79C3D5E21CB83BA5005B1F71 /* PBXContainerItemProxy */;
		};
		79C3D5EE1CB83BA5005B1F71 /* PBXTargetDependency */ = {
			isa = PBXTargetDependency;
			target = 79C3D5C91CB83BA5005B1F71 /* ios-challenge-journal */;
			targetProxy = 79C3D5ED1CB83BA5005B1F71 /* PBXContainerItemProxy */;
		};
/* End PBXTargetDependency section */

/* Begin PBXVariantGroup section */
		79C3D5D11CB83BA5005B1F71 /* Main.storyboard */ = {
			isa = PBXVariantGroup;
			children = (
				79C3D5D21CB83BA5005B1F71 /* Base */,
			);
			name = Main.storyboard;
			sourceTree = "<group>";
		};
		79C3D5D91CB83BA5005B1F71 /* LaunchScreen.storyboard */ = {
			isa = PBXVariantGroup;
			children = (
				79C3D5DA1CB83BA5005B1F71 /* Base */,
			);
			name = LaunchScreen.storyboard;
			sourceTree = "<group>";
		};
/* End PBXVariantGroup section */

/* Begin XCBuildConfiguration section */
		79C3D5F31CB83BA5005B1F71 /* Debug */ = {
			isa = XCBuildConfiguration;
			buildSettings = {
				ALWAYS_SEARCH_USER_PATHS = NO;
				CLANG_ANALYZER_NONNULL = YES;
				CLANG_CXX_LANGUAGE_STANDARD = "gnu++0x";
				CLANG_CXX_LIBRARY = "libc++";
				CLANG_ENABLE_MODULES = YES;
				CLANG_ENABLE_OBJC_ARC = YES;
				CLANG_WARN_BOOL_CONVERSION = YES;
				CLANG_WARN_CONSTANT_CONVERSION = YES;
				CLANG_WARN_DIRECT_OBJC_ISA_USAGE = YES_ERROR;
				CLANG_WARN_EMPTY_BODY = YES;
				CLANG_WARN_ENUM_CONVERSION = YES;
				CLANG_WARN_INT_CONVERSION = YES;
				CLANG_WARN_OBJC_ROOT_CLASS = YES_ERROR;
				CLANG_WARN_UNREACHABLE_CODE = YES;
				CLANG_WARN__DUPLICATE_METHOD_MATCH = YES;
				"CODE_SIGN_IDENTITY[sdk=iphoneos*]" = "iPhone Developer";
				COPY_PHASE_STRIP = NO;
				DEBUG_INFORMATION_FORMAT = dwarf;
				ENABLE_STRICT_OBJC_MSGSEND = YES;
				ENABLE_TESTABILITY = YES;
				GCC_C_LANGUAGE_STANDARD = gnu99;
				GCC_DYNAMIC_NO_PIC = NO;
				GCC_NO_COMMON_BLOCKS = YES;
				GCC_OPTIMIZATION_LEVEL = 0;
				GCC_PREPROCESSOR_DEFINITIONS = (
					"DEBUG=1",
					"$(inherited)",
				);
				GCC_WARN_64_TO_32_BIT_CONVERSION = YES;
				GCC_WARN_ABOUT_RETURN_TYPE = YES_ERROR;
				GCC_WARN_UNDECLARED_SELECTOR = YES;
				GCC_WARN_UNINITIALIZED_AUTOS = YES_AGGRESSIVE;
				GCC_WARN_UNUSED_FUNCTION = YES;
				GCC_WARN_UNUSED_VARIABLE = YES;
				IPHONEOS_DEPLOYMENT_TARGET = 9.3;
				MTL_ENABLE_DEBUG_INFO = YES;
				ONLY_ACTIVE_ARCH = YES;
				SDKROOT = iphoneos;
				SWIFT_OPTIMIZATION_LEVEL = "-Onone";
			};
			name = Debug;
		};
		79C3D5F41CB83BA5005B1F71 /* Release */ = {
			isa = XCBuildConfiguration;
			buildSettings = {
				ALWAYS_SEARCH_USER_PATHS = NO;
				CLANG_ANALYZER_NONNULL = YES;
				CLANG_CXX_LANGUAGE_STANDARD = "gnu++0x";
				CLANG_CXX_LIBRARY = "libc++";
				CLANG_ENABLE_MODULES = YES;
				CLANG_ENABLE_OBJC_ARC = YES;
				CLANG_WARN_BOOL_CONVERSION = YES;
				CLANG_WARN_CONSTANT_CONVERSION = YES;
				CLANG_WARN_DIRECT_OBJC_ISA_USAGE = YES_ERROR;
				CLANG_WARN_EMPTY_BODY = YES;
				CLANG_WARN_ENUM_CONVERSION = YES;
				CLANG_WARN_INT_CONVERSION = YES;
				CLANG_WARN_OBJC_ROOT_CLASS = YES_ERROR;
				CLANG_WARN_UNREACHABLE_CODE = YES;
				CLANG_WARN__DUPLICATE_METHOD_MATCH = YES;
				"CODE_SIGN_IDENTITY[sdk=iphoneos*]" = "iPhone Developer";
				COPY_PHASE_STRIP = NO;
				DEBUG_INFORMATION_FORMAT = "dwarf-with-dsym";
				ENABLE_NS_ASSERTIONS = NO;
				ENABLE_STRICT_OBJC_MSGSEND = YES;
				GCC_C_LANGUAGE_STANDARD = gnu99;
				GCC_NO_COMMON_BLOCKS = YES;
				GCC_WARN_64_TO_32_BIT_CONVERSION = YES;
				GCC_WARN_ABOUT_RETURN_TYPE = YES_ERROR;
				GCC_WARN_UNDECLARED_SELECTOR = YES;
				GCC_WARN_UNINITIALIZED_AUTOS = YES_AGGRESSIVE;
				GCC_WARN_UNUSED_FUNCTION = YES;
				GCC_WARN_UNUSED_VARIABLE = YES;
				IPHONEOS_DEPLOYMENT_TARGET = 9.3;
				MTL_ENABLE_DEBUG_INFO = NO;
				SDKROOT = iphoneos;
				VALIDATE_PRODUCT = YES;
			};
			name = Release;
		};
		79C3D5F61CB83BA5005B1F71 /* Debug */ = {
			isa = XCBuildConfiguration;
			buildSettings = {
				ASSETCATALOG_COMPILER_APPICON_NAME = AppIcon;
				INFOPLIST_FILE = "ios-challenge-journal/Info.plist";
				LD_RUNPATH_SEARCH_PATHS = "$(inherited) @executable_path/Frameworks";
				PRODUCT_BUNDLE_IDENTIFIER = "com.oppfish.ios-challenge-journal";
				PRODUCT_NAME = "$(TARGET_NAME)";
			};
			name = Debug;
		};
		79C3D5F71CB83BA5005B1F71 /* Release */ = {
			isa = XCBuildConfiguration;
			buildSettings = {
				ASSETCATALOG_COMPILER_APPICON_NAME = AppIcon;
				INFOPLIST_FILE = "ios-challenge-journal/Info.plist";
				LD_RUNPATH_SEARCH_PATHS = "$(inherited) @executable_path/Frameworks";
				PRODUCT_BUNDLE_IDENTIFIER = "com.oppfish.ios-challenge-journal";
				PRODUCT_NAME = "$(TARGET_NAME)";
			};
			name = Release;
		};
		79C3D5F91CB83BA5005B1F71 /* Debug */ = {
			isa = XCBuildConfiguration;
			buildSettings = {
				BUNDLE_LOADER = "$(TEST_HOST)";
				INFOPLIST_FILE = "ios-challenge-journalTests/Info.plist";
				LD_RUNPATH_SEARCH_PATHS = "$(inherited) @executable_path/Frameworks @loader_path/Frameworks";
				PRODUCT_BUNDLE_IDENTIFIER = "com.oppfish.ios-challenge-journalTests";
				PRODUCT_NAME = "$(TARGET_NAME)";
				TEST_HOST = "$(BUILT_PRODUCTS_DIR)/ios-challenge-journal.app/ios-challenge-journal";
			};
			name = Debug;
		};
		79C3D5FA1CB83BA5005B1F71 /* Release */ = {
			isa = XCBuildConfiguration;
			buildSettings = {
				BUNDLE_LOADER = "$(TEST_HOST)";
				INFOPLIST_FILE = "ios-challenge-journalTests/Info.plist";
				LD_RUNPATH_SEARCH_PATHS = "$(inherited) @executable_path/Frameworks @loader_path/Frameworks";
				PRODUCT_BUNDLE_IDENTIFIER = "com.oppfish.ios-challenge-journalTests";
				PRODUCT_NAME = "$(TARGET_NAME)";
				TEST_HOST = "$(BUILT_PRODUCTS_DIR)/ios-challenge-journal.app/ios-challenge-journal";
			};
			name = Release;
		};
		79C3D5FC1CB83BA5005B1F71 /* Debug */ = {
			isa = XCBuildConfiguration;
			buildSettings = {
				INFOPLIST_FILE = "ios-challenge-journalUITests/Info.plist";
				LD_RUNPATH_SEARCH_PATHS = "$(inherited) @executable_path/Frameworks @loader_path/Frameworks";
				PRODUCT_BUNDLE_IDENTIFIER = "com.oppfish.ios-challenge-journalUITests";
				PRODUCT_NAME = "$(TARGET_NAME)";
				TEST_TARGET_NAME = "ios-challenge-journal";
			};
			name = Debug;
		};
		79C3D5FD1CB83BA5005B1F71 /* Release */ = {
			isa = XCBuildConfiguration;
			buildSettings = {
				INFOPLIST_FILE = "ios-challenge-journalUITests/Info.plist";
				LD_RUNPATH_SEARCH_PATHS = "$(inherited) @executable_path/Frameworks @loader_path/Frameworks";
				PRODUCT_BUNDLE_IDENTIFIER = "com.oppfish.ios-challenge-journalUITests";
				PRODUCT_NAME = "$(TARGET_NAME)";
				TEST_TARGET_NAME = "ios-challenge-journal";
			};
			name = Release;
		};
/* End XCBuildConfiguration section */

/* Begin XCConfigurationList section */
		79C3D5C51CB83BA5005B1F71 /* Build configuration list for PBXProject "ios-challenge-journal" */ = {
			isa = XCConfigurationList;
			buildConfigurations = (
				79C3D5F31CB83BA5005B1F71 /* Debug */,
				79C3D5F41CB83BA5005B1F71 /* Release */,
			);
			defaultConfigurationIsVisible = 0;
			defaultConfigurationName = Release;
		};
		79C3D5F51CB83BA5005B1F71 /* Build configuration list for PBXNativeTarget "ios-challenge-journal" */ = {
			isa = XCConfigurationList;
			buildConfigurations = (
				79C3D5F61CB83BA5005B1F71 /* Debug */,
				79C3D5F71CB83BA5005B1F71 /* Release */,
			);
			defaultConfigurationIsVisible = 0;
		};
		79C3D5F81CB83BA5005B1F71 /* Build configuration list for PBXNativeTarget "ios-challenge-journalTests" */ = {
			isa = XCConfigurationList;
			buildConfigurations = (
				79C3D5F91CB83BA5005B1F71 /* Debug */,
				79C3D5FA1CB83BA5005B1F71 /* Release */,
			);
			defaultConfigurationIsVisible = 0;
		};
		79C3D5FB1CB83BA5005B1F71 /* Build configuration list for PBXNativeTarget "ios-challenge-journalUITests" */ = {
			isa = XCConfigurationList;
			buildConfigurations = (
				79C3D5FC1CB83BA5005B1F71 /* Debug */,
				79C3D5FD1CB83BA5005B1F71 /* Release */,
			);
			defaultConfigurationIsVisible = 0;
		};
/* End XCConfigurationList section */

/* Begin XCVersionGroup section */
		79C3D5D41CB83BA5005B1F71 /* ios_challenge_journal.xcdatamodeld */ = {
			isa = XCVersionGroup;
			children = (
				79C3D5D51CB83BA5005B1F71 /* ios_challenge_journal.xcdatamodel */,
			);
			currentVersion = 79C3D5D51CB83BA5005B1F71 /* ios_challenge_journal.xcdatamodel */;
			path = ios_challenge_journal.xcdatamodeld;
			sourceTree = "<group>";
			versionGroupType = wrapper.xcdatamodel;
		};
/* End XCVersionGroup section */
	};
	rootObject = 79C3D5C21CB83BA5005B1F71 /* Project object */;
}
